{
  "requires": true,
  "lockfileVersion": 1,
  "dependencies": {
    "@types/jquery": {
      "version": "3.3.14",
      "resolved": "https://registry.npmjs.org/@types/jquery/-/jquery-3.3.14.tgz",
      "integrity": "sha512-M6m6Xm6RtsmYOlGk7YS0D7T19Axsc3x30+Mj9b7Fqb4c7c2hPmvBJsrMmuhwJy96iSx/3BQkOmbtEKijs2iQPg==",
      "requires": {
        "@types/sizzle": "*"
      }
    },
    "@types/sizzle": {
      "version": "2.3.2",
      "resolved": "https://registry.npmjs.org/@types/sizzle/-/sizzle-2.3.2.tgz",
      "integrity": "sha512-7EJYyKTL7tFR8+gDbB6Wwz/arpGa0Mywk1TJbNzKzHtzbwVmY4HR9WqS5VV7dsBUKQmPNr192jHr/VpBluj/hg=="
    }
  }
}
